// !$*UTF8*$!
{
	archiveVersion = 1;
	classes = {
	};
	objectVersion = 110;
	objects = {

/* Begin PBXContainerItemProxy section */
		7EA0C25D3044115200A388D7 /* PBXContainerItemProxy */ = {
			isa = PBXContainerItemProxy;
			containerPortal = 7EA0C2403044115100A388D7 /* Project object */;
			proxyType = 1;
			remoteGlobalIDString = 7EA0C2473044115100A388D7;
			remoteInfo = CAD;
		};
		7EA0C2673044115200A388D7 /* PBXContainerItemProxy */ = {
			isa = PBXContainerItemProxy;
			containerPortal = 7EA0C2403044115100A388D7 /* Project object */;
			proxyType = 1;
			remoteGlobalIDString = 7EA0C2473044115100A388D7;
			remoteInfo = CAD;
		};
/* End PBXContainerItemProxy section */

/* Begin PBXFileReference section */
		7EA0C2483044115100A388D7 /* CAD.app */ = {isa = PBXFileReference; explicitFileType = wrapper.application; includeInIndex = 0; path = CAD.app; sourceTree = BUILT_PRODUCTS_DIR; };
		7EA0C25C3044115200A388D7 /* CADTests.xctest */ = {isa = PBXFileReference; explicitFileType = wrapper.cfbundle; includeInIndex = 0; path = CADTests.xctest; sourceTree = BUILT_PRODUCTS_DIR; };
		7EA0C2663044115200A388D7 /* CADUITests.xctest */ = {isa = PBXFileReference; explicitFileType = wrapper.cfbundle; includeInIndex = 0; path = CADUITests.xctest; sourceTree = BUILT_PRODUCTS_DIR; };
/* End PBXFileReference section */

/* Begin PBXFileSystemSynchronizedBuildFileExceptionSet section */
		7EA0C26C3044115200A388D7 /* Exceptions for "CAD" folder in "CAD" target */ = {
			isa = PBXFileSystemSynchronizedBuildFileExceptionSet;
			membershipExceptions = (
				Info.plist,
			);
			target = 7EA0C2473044115100A388D7 /* CAD */;
		};
/* End PBXFileSystemSynchronizedBuildFileExceptionSet section */

/* Begin PBXFileSystemSynchronizedRootGroup section */
		7EA0C24A3044115100A388D7 /* CAD */ = {
			isa = PBXFileSystemSynchronizedRootGroup;
			exceptions = (
				7EA0C26C3044115200A388D7 /* Exceptions for "CAD" folder in "CAD" target */,
			);
			path = CAD;
			sourceTree = "<group>";
		};
		7EA0C25F3044115200A388D7 /* CADTests */ = {
			isa = PBXFileSystemSynchronizedRootGroup;
			path = CADTests;
			sourceTree = "<group>";
		};
		7EA0C2693044115200A388D7 /* CADUITests */ = {
			isa = PBXFileSystemSynchronizedRootGroup;
			path = CADUITests;
			sourceTree = "<group>";
		};
/* End PBXFileSystemSynchronizedRootGroup section */

/* Begin PBXFrameworksBuildPhase section */
		7EA0C2453044115100A388D7 /* Frameworks */ = {
			isa = PBXFrameworksBuildPhase;
			files = (
			);
		};
		7EA0C2593044115200A388D7 /* Frameworks */ = {
			isa = PBXFrameworksBuildPhase;
			files = (
			);
		};
		7EA0C2633044115200A388D7 /* Frameworks */ = {
			isa = PBXFrameworksBuildPhase;
			files = (
			);
		};
/* End PBXFrameworksBuildPhase section */

/* Begin PBXGroup section */
		7EA0C23F3044115100A388D7 = {
			isa = PBXGroup;
			children = (
				7EA0C24A3044115100A388D7 /* CAD */,
				7EA0C25F3044115200A388D7 /* CADTests */,
				7EA0C2693044115200A388D7 /* CADUITests */,
				7EA0C2493044115100A388D7 /* Products */,
			);
			sourceTree = "<group>";
		};
		7EA0C2493044115100A388D7 /* Products */ = {
			isa = PBXGroup;
			children = (
				7EA0C2483044115100A388D7 /* CAD.app */,
				7EA0C25C3044115200A388D7 /* CADTests.xctest */,
				7EA0C2663044115200A388D7 /* CADUITests.xctest */,
			);
			name = Products;
			sourceTree = "<group>";
		};
/* End PBXGroup section */

/* Begin PBXNativeTarget section */
		7EA0C2473044115100A388D7 /* CAD */ = {
			isa = PBXNativeTarget;
			buildConfigurationList = 7EA0C26D3044115200A388D7 /* Build configuration list for PBXNativeTarget "CAD" */;
			buildPhases = (
				7EA0C2443044115100A388D7 /* Sources */,
				7EA0C2453044115100A388D7 /* Frameworks */,
				7EA0C2463044115100A388D7 /* Resources */,
			);
			buildRules = (
			);
			fileSystemSynchronizedGroups = (
				7EA0C24A3044115100A388D7 /* CAD */,
			);
			name = CAD;
			packageProductDependencies = (
				7EA0C2803044115200A388D7 /* OCCTSwiftViewport */,
			);
			productName = CAD;
			productReference = 7EA0C2483044115100A388D7 /* CAD.app */;
			productType = "com.apple.product-type.application";
		};
		7EA0C25B3044115200A388D7 /* CADTests */ = {
			isa = PBXNativeTarget;
			buildConfigurationList = 7EA0C2723044115200A388D7 /* Build configuration list for PBXNativeTarget "CADTests" */;
			buildPhases = (
				7EA0C2583044115200A388D7 /* Sources */,
				7EA0C2593044115200A388D7 /* Frameworks */,
				7EA0C25A3044115200A388D7 /* Resources */,
			);
			buildRules = (
			);
			dependencies = (
				7EA0C25E3044115200A388D7 /* PBXTargetDependency */,
			);
			fileSystemSynchronizedGroups = (
				7EA0C25F3044115200A388D7 /* CADTests */,
			);
			name = CADTests;
			productName = CADTests;
			productReference = 7EA0C25C3044115200A388D7 /* CADTests.xctest */;
			productType = "com.apple.product-type.bundle.unit-test";
		};
		7EA0C2653044115200A388D7 /* CADUITests */ = {
			isa = PBXNativeTarget;
			buildConfigurationList = 7EA0C2753044115200A388D7 /* Build configuration list for PBXNativeTarget "CADUITests" */;
			buildPhases = (
				7EA0C2623044115200A388D7 /* Sources */,
				7EA0C2633044115200A388D7 /* Frameworks */,
				7EA0C2643044115200A388D7 /* Resources */,
			);
			buildRules = (
			);
			dependencies = (
				7EA0C2683044115200A388D7 /* PBXTargetDependency */,
			);
			fileSystemSynchronizedGroups = (
				7EA0C2693044115200A388D7 /* CADUITests */,
			);
			name = CADUITests;
			productName = CADUITests;
			productReference = 7EA0C2663044115200A388D7 /* CADUITests.xctest */;
			productType = "com.apple.product-type.bundle.ui-testing";
		};
/* End PBXNativeTarget section */

/* Begin PBXProject section */
		7EA0C2403044115100A388D7 /* Project object */ = {
			isa = PBXProject;
			attributes = {
				BuildIndependentTargetsInParallel = 1;
				LastSwiftUpdateCheck = 2700;
				LastUpgradeCheck = 2700;
				TargetAttributes = {
					7EA0C2473044115100A388D7 = {
						CreatedOnToolsVersion = 27.0;
					};
					7EA0C25B3044115200A388D7 = {
						CreatedOnToolsVersion = 27.0;
						TestTargetID = 7EA0C2473044115100A388D7;
					};
					7EA0C2653044115200A388D7 = {
						CreatedOnToolsVersion = 27.0;
						TestTargetID = 7EA0C2473044115100A388D7;
					};
				};
			};
			buildConfigurationList = 7EA0C2433044115100A388D7 /* Build configuration list for PBXProject "CAD" */;
			developmentRegion = en;
			hasScannedForEncodings = 0;
			knownRegions = (
				en,
				Base,
			);
			mainGroup = 7EA0C23F3044115100A388D7;
			minimizedProjectReferenceProxies = 1;
			packageReferences = (
				7EA0C27F3044115200A388D7 /* XCRemoteSwiftPackageReference "OCCTSwiftViewport" */,
			);
			preferredProjectObjectVersion = 77;
			productRefGroup = 7EA0C2493044115100A388D7 /* Products */;
			projectDirPath = "";
			projectRoot = "";
			targets = (
				7EA0C2473044115100A388D7 /* CAD */,
				7EA0C25B3044115200A388D7 /* CADTests */,
				7EA0C2653044115200A388D7 /* CADUITests */,
			);
		};
/* End PBXProject section */

/* Begin PBXResourcesBuildPhase section */
		7EA0C2463044115100A388D7 /* Resources */ = {
			isa = PBXResourcesBuildPhase;
			files = (
			);
		};
		7EA0C25A3044115200A388D7 /* Resources */ = {
			isa = PBXResourcesBuildPhase;
			files = (
			);
		};
		7EA0C2643044115200A388D7 /* Resources */ = {
			isa = PBXResourcesBuildPhase;
			files = (
			);
		};
/* End PBXResourcesBuildPhase section */

/* Begin PBXSourcesBuildPhase section */
		7EA0C2443044115100A388D7 /* Sources */ = {
			isa = PBXSourcesBuildPhase;
			files = (
			);
		};
		7EA0C2583044115200A388D7 /* Sources */ = {
			isa = PBXSourcesBuildPhase;
			files = (
			);
		};
		7EA0C2623044115200A388D7 /* Sources */ = {
			isa = PBXSourcesBuildPhase;
			files = (
			);
		};
/* End PBXSourcesBuildPhase section */

/* Begin PBXTargetDependency section */
		7EA0C25E3044115200A388D7 /* PBXTargetDependency */ = {
			isa = PBXTargetDependency;
			target = 7EA0C2473044115100A388D7 /* CAD */;
			targetProxy = 7EA0C25D3044115200A388D7 /* PBXContainerItemProxy */;
		};
		7EA0C2683044115200A388D7 /* PBXTargetDependency */ = {
			isa = PBXTargetDependency;
			target = 7EA0C2473044115100A388D7 /* CAD */;
			targetProxy = 7EA0C2673044115200A388D7 /* PBXContainerItemProxy */;
		};
/* End PBXTargetDependency section */

/* Begin XCBuildConfiguration section */
		7EA0C26E3044115200A388D7 /* Debug configuration for PBXNativeTarget "CAD" */ = {
			isa = XCBuildConfiguration;
			buildSettings = {
				ASSETCATALOG_COMPILER_APPICON_NAME = AppIcon;
				ASSETCATALOG_COMPILER_GLOBAL_ACCENT_COLOR_NAME = AccentColor;
				CODE_SIGN_STYLE = Automatic;
				COMBINE_HIDPI_IMAGES = YES;
				CURRENT_PROJECT_VERSION = 1;
				ENABLE_APP_SANDBOX = YES;
				ENABLE_HARDENED_RUNTIME = YES;
				ENABLE_USER_SELECTED_FILES = readwrite;
				GENERATE_INFOPLIST_FILE = YES;
				INFOPLIST_FILE = CAD/Info.plist;
				INFOPLIST_KEY_LSApplicationCategoryType = "public.app-category.graphics-design";
				INFOPLIST_KEY_NSHumanReadableCopyright = "";
				INFOPLIST_KEY_NSMainNibFile = MainMenu;
				INFOPLIST_KEY_NSPrincipalClass = NSApplication;
				INFOPLIST_KEY_NSViewGestureRecognizerIsExclusive = NO;
				LD_RUNPATH_SEARCH_PATHS = (
					"$(inherited)",
					"@executable_path/../Frameworks",
				);
				MARKETING_VERSION = 1.0;
				PRODUCT_BUNDLE_IDENTIFIER = dev.brackenbury.CAD;
				PRODUCT_NAME = "$(TARGET_NAME)";
				REGISTER_APP_GROUPS = YES;
				STRING_CATALOG_GENERATE_SYMBOLS = YES;
				SWIFT_APPROACHABLE_CONCURRENCY = YES;
				SWIFT_DEFAULT_ACTOR_ISOLATION = nonisolated;
				SWIFT_EMIT_LOC_STRINGS = YES;
				SWIFT_UPCOMING_FEATURE_MEMBER_IMPORT_VISIBILITY = YES;
				SWIFT_VERSION = 6.0;
			};
			name = Debug;
		};
		7EA0C26F3044115200A388D7 /* Release configuration for PBXNativeTarget "CAD" */ = {
			isa = XCBuildConfiguration;
			buildSettings = {
				ASSETCATALOG_COMPILER_APPICON_NAME = AppIcon;
				ASSETCATALOG_COMPILER_GLOBAL_ACCENT_COLOR_NAME = AccentColor;
				CODE_SIGN_STYLE = Automatic;
				COMBINE_HIDPI_IMAGES = YES;
				CURRENT_PROJECT_VERSION = 1;
				ENABLE_APP_SANDBOX = YES;
				ENABLE_HARDENED_RUNTIME = YES;
				ENABLE_USER_SELECTED_FILES = readwrite;
				GENERATE_INFOPLIST_FILE = YES;
				INFOPLIST_FILE = CAD/Info.plist;
				INFOPLIST_KEY_LSApplicationCategoryType = "public.app-category.graphics-design";
				INFOPLIST_KEY_NSHumanReadableCopyright = "";
				INFOPLIST_KEY_NSMainNibFile = MainMenu;
				INFOPLIST_KEY_NSPrincipalClass = NSApplication;
				INFOPLIST_KEY_NSViewGestureRecognizerIsExclusive = NO;
				LD_RUNPATH_SEARCH_PATHS = (
					"$(inherited)",
					"@executable_path/../Frameworks",
				);
				MARKETING_VERSION = 1.0;
				PRODUCT_BUNDLE_IDENTIFIER = dev.brackenbury.CAD;
				PRODUCT_NAME = "$(TARGET_NAME)";
				REGISTER_APP_GROUPS = YES;
				STRING_CATALOG_GENERATE_SYMBOLS = YES;
				SWIFT_APPROACHABLE_CONCURRENCY = YES;
				SWIFT_DEFAULT_ACTOR_ISOLATION = nonisolated;
				SWIFT_EMIT_LOC_STRINGS = YES;
				SWIFT_UPCOMING_FEATURE_MEMBER_IMPORT_VISIBILITY = YES;
				SWIFT_VERSION = 6.0;
			};
			name = Release;
		};
		7EA0C2703044115200A388D7 /* Debug configuration for PBXProject "CAD" */ = {
			isa = XCBuildConfiguration;
			buildSettings = {
				ALWAYS_SEARCH_USER_PATHS = NO;
				ASSETCATALOG_COMPILER_GENERATE_SWIFT_ASSET_SYMBOL_EXTENSIONS = YES;
				CLANG_ANALYZER_NONNULL = YES;
				CLANG_ANALYZER_NUMBER_OBJECT_CONVERSION = YES_AGGRESSIVE;
				CLANG_CXX_LANGUAGE_STANDARD = "gnu++20";
				CLANG_ENABLE_MODULES = YES;
				CLANG_ENABLE_OBJC_ARC = YES;
				CLANG_ENABLE_OBJC_WEAK = YES;
				CLANG_WARN_BLOCK_CAPTURE_AUTORELEASING = YES;
				CLANG_WARN_BOOL_CONVERSION = YES;
				CLANG_WARN_COMMA = YES;
				CLANG_WARN_CONSTANT_CONVERSION = YES;
				CLANG_WARN_DEPRECATED_OBJC_IMPLEMENTATIONS = YES;
				CLANG_WARN_DIRECT_OBJC_ISA_USAGE = YES_ERROR;
				CLANG_WARN_DOCUMENTATION_COMMENTS = YES;
				CLANG_WARN_EMPTY_BODY = YES;
				CLANG_WARN_ENUM_CONVERSION = YES;
				CLANG_WARN_INFINITE_RECURSION = YES;
				CLANG_WARN_INT_CONVERSION = YES;
				CLANG_WARN_NON_LITERAL_NULL_CONVERSION = YES;
				CLANG_WARN_OBJC_IMPLICIT_RETAIN_SELF = YES;
				CLANG_WARN_OBJC_LITERAL_CONVERSION = YES;
				CLANG_WARN_OBJC_ROOT_CLASS = YES_ERROR;
				CLANG_WARN_QUOTED_INCLUDE_IN_FRAMEWORK_HEADER = YES;
				CLANG_WARN_RANGE_LOOP_ANALYSIS = YES;
				CLANG_WARN_STRICT_PROTOTYPES = YES;
				CLANG_WARN_SUSPICIOUS_MOVE = YES;
				CLANG_WARN_UNGUARDED_AVAILABILITY = YES_AGGRESSIVE;
				CLANG_WARN_UNREACHABLE_CODE = YES;
				CLANG_WARN__DUPLICATE_METHOD_MATCH = YES;
				COPY_PHASE_STRIP = NO;
				DEBUG_INFORMATION_FORMAT = dwarf;
				ENABLE_STRICT_OBJC_MSGSEND = YES;
				ENABLE_TESTABILITY = YES;
				ENABLE_USER_SCRIPT_SANDBOXING = YES;
				GCC_C_LANGUAGE_STANDARD = gnu17;
				GCC_DYNAMIC_NO_PIC = NO;
				GCC_NO_COMMON_BLOCKS = YES;
				GCC_OPTIMIZATION_LEVEL = 0;
				GCC_PREPROCESSOR_DEFINITIONS = (
					"DEBUG=1",
					"$(inherited)",
				);
				GCC_WARN_64_TO_32_BIT_CONVERSION = YES;
				GCC_WARN_ABOUT_RETURN_TYPE = YES_ERROR;
				GCC_WARN_UNDECLARED_SELECTOR = YES;
				GCC_WARN_UNINITIALIZED_AUTOS = YES_AGGRESSIVE;
				GCC_WARN_UNUSED_FUNCTION = YES;
				GCC_WARN_UNUSED_VARIABLE = YES;
				LOCALIZATION_PREFERS_STRING_CATALOGS = YES;
				MACOSX_DEPLOYMENT_TARGET = 26.0;
				MTL_ENABLE_DEBUG_INFO = INCLUDE_SOURCE;
				MTL_FAST_MATH = YES;
				ONLY_ACTIVE_ARCH = YES;
				SDKROOT = macosx;
				SWIFT_ACTIVE_COMPILATION_CONDITIONS = "DEBUG $(inherited)";
				SWIFT_OPTIMIZATION_LEVEL = "-Onone";
			};
			name = Debug;
		};
		7EA0C2713044115200A388D7 /* Release configuration for PBXProject "CAD" */ = {
			isa = XCBuildConfiguration;
			buildSettings = {
				ALWAYS_SEARCH_USER_PATHS = NO;
				ASSETCATALOG_COMPILER_GENERATE_SWIFT_ASSET_SYMBOL_EXTENSIONS = YES;
				CLANG_ANALYZER_NONNULL = YES;
				CLANG_ANALYZER_NUMBER_OBJECT_CONVERSION = YES_AGGRESSIVE;
				CLANG_CXX_LANGUAGE_STANDARD = "gnu++20";
				CLANG_ENABLE_MODULES = YES;
				CLANG_ENABLE_OBJC_ARC = YES;
				CLANG_ENABLE_OBJC_WEAK = YES;
				CLANG_WARN_BLOCK_CAPTURE_AUTORELEASING = YES;
				CLANG_WARN_BOOL_CONVERSION = YES;
				CLANG_WARN_COMMA = YES;
				CLANG_WARN_CONSTANT_CONVERSION = YES;
				CLANG_WARN_DEPRECATED_OBJC_IMPLEMENTATIONS = YES;
				CLANG_WARN_DIRECT_OBJC_ISA_USAGE = YES_ERROR;
				CLANG_WARN_DOCUMENTATION_COMMENTS = YES;
				CLANG_WARN_EMPTY_BODY = YES;
				CLANG_WARN_ENUM_CONVERSION = YES;
				CLANG_WARN_INFINITE_RECURSION = YES;
				CLANG_WARN_INT_CONVERSION = YES;
				CLANG_WARN_NON_LITERAL_NULL_CONVERSION = YES;
				CLANG_WARN_OBJC_IMPLICIT_RETAIN_SELF = YES;
				CLANG_WARN_OBJC_LITERAL_CONVERSION = YES;
				CLANG_WARN_OBJC_ROOT_CLASS = YES_ERROR;
				CLANG_WARN_QUOTED_INCLUDE_IN_FRAMEWORK_HEADER = YES;
				CLANG_WARN_RANGE_LOOP_ANALYSIS = YES;
				CLANG_WARN_STRICT_PROTOTYPES = YES;
				CLANG_WARN_SUSPICIOUS_MOVE = YES;
				CLANG_WARN_UNGUARDED_AVAILABILITY = YES_AGGRESSIVE;
				CLANG_WARN_UNREACHABLE_CODE = YES;
				CLANG_WARN__DUPLICATE_METHOD_MATCH = YES;
				COPY_PHASE_STRIP = NO;
				DEBUG_INFORMATION_FORMAT = "dwarf-with-dsym";
				ENABLE_NS_ASSERTIONS = NO;
				ENABLE_STRICT_OBJC_MSGSEND = YES;
				ENABLE_USER_SCRIPT_SANDBOXING = YES;
				GCC_C_LANGUAGE_STANDARD = gnu17;
				GCC_NO_COMMON_BLOCKS = YES;
				GCC_WARN_64_TO_32_BIT_CONVERSION = YES;
				GCC_WARN_ABOUT_RETURN_TYPE = YES_ERROR;
				GCC_WARN_UNDECLARED_SELECTOR = YES;
				GCC_WARN_UNINITIALIZED_AUTOS = YES_AGGRESSIVE;
				GCC_WARN_UNUSED_FUNCTION = YES;
				GCC_WARN_UNUSED_VARIABLE = YES;
				LOCALIZATION_PREFERS_STRING_CATALOGS = YES;
				MACOSX_DEPLOYMENT_TARGET = 26.0;
				MTL_ENABLE_DEBUG_INFO = NO;
				MTL_FAST_MATH = YES;
				SDKROOT = macosx;
				SWIFT_COMPILATION_MODE = wholemodule;
			};
			name = Release;
		};
		7EA0C2733044115200A388D7 /* Debug configuration for PBXNativeTarget "CADTests" */ = {
			isa = XCBuildConfiguration;
			buildSettings = {
				BUNDLE_LOADER = "$(TEST_HOST)";
				CODE_SIGN_STYLE = Automatic;
				CURRENT_PROJECT_VERSION = 1;
				GENERATE_INFOPLIST_FILE = YES;
				MACOSX_DEPLOYMENT_TARGET = 26.0;
				MARKETING_VERSION = 1.0;
				PRODUCT_BUNDLE_IDENTIFIER = dev.brackenbury.CADTests;
				PRODUCT_NAME = "$(TARGET_NAME)";
				STRING_CATALOG_GENERATE_SYMBOLS = NO;
				SWIFT_APPROACHABLE_CONCURRENCY = YES;
				SWIFT_EMIT_LOC_STRINGS = NO;
				SWIFT_UPCOMING_FEATURE_MEMBER_IMPORT_VISIBILITY = YES;
				SWIFT_VERSION = 6.0;
				TEST_HOST = "$(BUILT_PRODUCTS_DIR)/CAD.app/$(BUNDLE_EXECUTABLE_FOLDER_PATH)/CAD";
			};
			name = Debug;
		};
		7EA0C2743044115200A388D7 /* Release configuration for PBXNativeTarget "CADTests" */ = {
			isa = XCBuildConfiguration;
			buildSettings = {
				BUNDLE_LOADER = "$(TEST_HOST)";
				CODE_SIGN_STYLE = Automatic;
				CURRENT_PROJECT_VERSION = 1;
				GENERATE_INFOPLIST_FILE = YES;
				MACOSX_DEPLOYMENT_TARGET = 26.0;
				MARKETING_VERSION = 1.0;
				PRODUCT_BUNDLE_IDENTIFIER = dev.brackenbury.CADTests;
				PRODUCT_NAME = "$(TARGET_NAME)";
				STRING_CATALOG_GENERATE_SYMBOLS = NO;
				SWIFT_APPROACHABLE_CONCURRENCY = YES;
				SWIFT_EMIT_LOC_STRINGS = NO;
				SWIFT_UPCOMING_FEATURE_MEMBER_IMPORT_VISIBILITY = YES;
				SWIFT_VERSION = 6.0;
				TEST_HOST = "$(BUILT_PRODUCTS_DIR)/CAD.app/$(BUNDLE_EXECUTABLE_FOLDER_PATH)/CAD";
			};
			name = Release;
		};
		7EA0C2763044115200A388D7 /* Debug configuration for PBXNativeTarget "CADUITests" */ = {
			isa = XCBuildConfiguration;
			buildSettings = {
				CODE_SIGN_STYLE = Automatic;
				CURRENT_PROJECT_VERSION = 1;
				GENERATE_INFOPLIST_FILE = YES;
				MARKETING_VERSION = 1.0;
				PRODUCT_BUNDLE_IDENTIFIER = dev.brackenbury.CADUITests;
				PRODUCT_NAME = "$(TARGET_NAME)";
				STRING_CATALOG_GENERATE_SYMBOLS = NO;
				SWIFT_APPROACHABLE_CONCURRENCY = YES;
				SWIFT_EMIT_LOC_STRINGS = NO;
				SWIFT_UPCOMING_FEATURE_MEMBER_IMPORT_VISIBILITY = YES;
				SWIFT_VERSION = 6.0;
				TEST_TARGET_NAME = CAD;
			};
			name = Debug;
		};
		7EA0C2773044115200A388D7 /* Release configuration for PBXNativeTarget "CADUITests" */ = {
			isa = XCBuildConfiguration;
			buildSettings = {
				CODE_SIGN_STYLE = Automatic;
				CURRENT_PROJECT_VERSION = 1;
				GENERATE_INFOPLIST_FILE = YES;
				MARKETING_VERSION = 1.0;
				PRODUCT_BUNDLE_IDENTIFIER = dev.brackenbury.CADUITests;
				PRODUCT_NAME = "$(TARGET_NAME)";
				STRING_CATALOG_GENERATE_SYMBOLS = NO;
				SWIFT_APPROACHABLE_CONCURRENCY = YES;
				SWIFT_EMIT_LOC_STRINGS = NO;
				SWIFT_UPCOMING_FEATURE_MEMBER_IMPORT_VISIBILITY = YES;
				SWIFT_VERSION = 6.0;
				TEST_TARGET_NAME = CAD;
			};
			name = Release;
		};
/* End XCBuildConfiguration section */

/* Begin XCConfigurationList section */
		7EA0C2433044115100A388D7 /* Build configuration list for PBXProject "CAD" */ = {
			isa = XCConfigurationList;
			buildConfigurations = (
				7EA0C2703044115200A388D7 /* Debug configuration for PBXProject "CAD" */,
				7EA0C2713044115200A388D7 /* Release configuration for PBXProject "CAD" */,
			);
			defaultConfigurationName = Release;
		};
		7EA0C26D3044115200A388D7 /* Build configuration list for PBXNativeTarget "CAD" */ = {
			isa = XCConfigurationList;
			buildConfigurations = (
				7EA0C26E3044115200A388D7 /* Debug configuration for PBXNativeTarget "CAD" */,
				7EA0C26F3044115200A388D7 /* Release configuration for PBXNativeTarget "CAD" */,
			);
			defaultConfigurationName = Release;
		};
		7EA0C2723044115200A388D7 /* Build configuration list for PBXNativeTarget "CADTests" */ = {
			isa = XCConfigurationList;
			buildConfigurations = (
				7EA0C2733044115200A388D7 /* Debug configuration for PBXNativeTarget "CADTests" */,
				7EA0C2743044115200A388D7 /* Release configuration for PBXNativeTarget "CADTests" */,
			);
			defaultConfigurationName = Release;
		};
		7EA0C2753044115200A388D7 /* Build configuration list for PBXNativeTarget "CADUITests" */ = {
			isa = XCConfigurationList;
			buildConfigurations = (
				7EA0C2763044115200A388D7 /* Debug configuration for PBXNativeTarget "CADUITests" */,
				7EA0C2773044115200A388D7 /* Release configuration for PBXNativeTarget "CADUITests" */,
			);
			defaultConfigurationName = Release;
		};
/* End XCConfigurationList section */

/* Begin XCRemoteSwiftPackageReference section */
		7EA0C27F3044115200A388D7 /* XCRemoteSwiftPackageReference "OCCTSwiftViewport" */ = {
			isa = XCRemoteSwiftPackageReference;
			repositoryURL = "https://github.com/SecondMouseAU/OCCTSwiftViewport.git";
			requirement = {
				kind = upToNextMajorVersion;
				minimumVersion = 1.2.0;
			};
		};
/* End XCRemoteSwiftPackageReference section */

/* Begin XCSwiftPackageProductDependency section */
		7EA0C2803044115200A388D7 /* OCCTSwiftViewport */ = {
			isa = XCSwiftPackageProductDependency;
			package = 7EA0C27F3044115200A388D7 /* XCRemoteSwiftPackageReference "OCCTSwiftViewport" */;
			productName = OCCTSwiftViewport;
		};
/* End XCSwiftPackageProductDependency section */
	};
	rootObject = 7EA0C2403044115100A388D7 /* Project object */;
	validationLevel = 1;
}
